// !$*UTF8*$!
{
	archiveVersion = 1;
	classes = {
	};
	objectVersion = 46;
	objects = {

/* Begin PBXBuildFile section */
		F12E32E91C56CFE200F1EFB4 /* AppDelegate.swift in Sources */ = {isa = PBXBuildFile; fileRef = F12E32E81C56CFE200F1EFB4 /* AppDelegate.swift */; };
		F12E32EB1C56CFE200F1EFB4 /* ViewController.swift in Sources */ = {isa = PBXBuildFile; fileRef = F12E32EA1C56CFE200F1EFB4 /* ViewController.swift */; };
		F12E32EE1C56CFE200F1EFB4 /* Main.storyboard in Resources */ = {isa = PBXBuildFile; fileRef = F12E32EC1C56CFE200F1EFB4 /* Main.storyboard */; };
		F12E32F01C56CFE200F1EFB4 /* Assets.xcassets in Resources */ = {isa = PBXBuildFile; fileRef = F12E32EF1C56CFE200F1EFB4 /* Assets.xcassets */; };
		F12E32F31C56CFE200F1EFB4 /* LaunchScreen.storyboard in Resources */ = {isa = PBXBuildFile; fileRef = F12E32F11C56CFE200F1EFB4 /* LaunchScreen.storyboard */; };
/* End PBXBuildFile section */

/* Begin PBXFileReference section */
		F12E32E51C56CFE200F1EFB4 /* MovieViewer1.app */ = {isa = PBXFileReference; explicitFileType = wrapper.application; includeInIndex = 0; path = MovieViewer1.app; sourceTree = BUILT_PRODUCTS_DIR; };
		F12E32E81C56CFE200F1EFB4 /* AppDelegate.swift */ = {isa = PBXFileReference; lastKnownFileType = sourcecode.swift; path = AppDelegate.swift; sourceTree = "<group>"; };
		F12E32EA1C56CFE200F1EFB4 /* ViewController.swift */ = {isa = PBXFileReference; lastKnownFileType = sourcecode.swift; path = ViewController.swift; sourceTree = "<group>"; };
		F12E32ED1C56CFE200F1EFB4 /* Base */ = {isa = PBXFileReference; lastKnownFileType = file.storyboard; name = Base; path = Base.lproj/Main.storyboard; sourceTree = "<group>"; };
		F12E32EF1C56CFE200F1EFB4 /* Assets.xcassets */ = {isa = PBXFileReference; lastKnownFileType = folder.assetcatalog; path = Assets.xcassets; sourceTree = "<group>"; };
		F12E32F21C56CFE200F1EFB4 /* Base */ = {isa = PBXFileReference; lastKnownFileType = file.storyboard; name = Base; path = Base.lproj/LaunchScreen.storyboard; sourceTree = "<group>"; };
		F12E32F41C56CFE200F1EFB4 /* Info.plist */ = {isa = PBXFileReference; lastKnownFileType = text.plist.xml; path = Info.plist; sourceTree = "<group>"; };
/* End PBXFileReference section */

/* Begin PBXFrameworksBuildPhase section */
		F12E32E21C56CFE200F1EFB4 /* Frameworks */ = {
			isa = PBXFrameworksBuildPhase;
			buildActionMask = 2147483647;
			files = (
			);
			runOnlyForDeploymentPostprocessing = 0;
		};
/* End PBXFrameworksBuildPhase section */

/* Begin PBXGroup section */
		F12E32DC1C56CFE200F1EFB4 = {
			isa = PBXGroup;
			children = (
				F12E32E71C56CFE200F1EFB4 /* MovieViewer1 */,
				F12E32E61C56CFE200F1EFB4 /* Products */,
			);
			sourceTree = "<group>";
		};
		F12E32E61C56CFE200F1EFB4 /* Products */ = {
			isa = PBXGroup;
			children = (
				F12E32E51C56CFE200F1EFB4 /* MovieViewer1.app */,
			);
			name = Products;
			sourceTree = "<group>";
		};
		F12E32E71C56CFE200F1EFB4 /* MovieViewer1 */ = {
			isa = PBXGroup;
			children = (
				F12E32E81C56CFE200F1EFB4 /* AppDelegate.swift */,
				F12E32EA1C56CFE200F1EFB4 /* ViewController.swift */,
				F12E32EC1C56CFE200F1EFB4 /* Main.storyboard */,
				F12E32EF1C56CFE200F1EFB4 /* Assets.xcassets */,
				F12E32F11C56CFE200F1EFB4 /* LaunchScreen.storyboard */,
				F12E32F41C56CFE200F1EFB4 /* Info.plist */,
			);
			path = MovieViewer1;
			sourceTree = "<group>";
		};
/* End PBXGroup section */

/* Begin PBXNativeTarget section */
		F12E32E41C56CFE200F1EFB4 /* MovieViewer1 */ = {
			isa = PBXNativeTarget;
			buildConfigurationList = F12E32F71C56CFE200F1EFB4 /* Build configuration list for PBXNativeTarget "MovieViewer1" */;
			buildPhases = (
				F12E32E11C56CFE200F1EFB4 /* Sources */,
				F12E32E21C56CFE200F1EFB4 /* Frameworks */,
				F12E32E31C56CFE200F1EFB4 /* Resources */,
			);
			buildRules = (
			);
			dependencies = (
			);
			name = MovieViewer1;
			productName = MovieViewer1;
			productReference = F12E32E51C56CFE200F1EFB4 /* MovieViewer1.app */;
			productType = "com.apple.product-type.application";
		};
/* End PBXNativeTarget section */

/* Begin PBXProject section */
		F12E32DD1C56CFE200F1EFB4 /* Project object */ = {
			isa = PBXProject;
			attributes = {
				LastSwiftUpdateCheck = 0720;
				LastUpgradeCheck = 0720;
				ORGANIZATIONNAME = "Maura O'Donnell";
				TargetAttributes = {
					F12E32E41C56CFE200F1EFB4 = {
						CreatedOnToolsVersion = 7.2;
						DevelopmentTeam = W8ESKXRW9F;
					};
				};
			};
			buildConfigurationList = F12E32E01C56CFE200F1EFB4 /* Build configuration list for PBXProject "MovieViewer1" */;
			compatibilityVersion = "Xcode 3.2";
			developmentRegion = English;
			hasScannedForEncodings = 0;
			knownRegions = (
				en,
				Base,
			);
			mainGroup = F12E32DC1C56CFE200F1EFB4;
			productRefGroup = F12E32E61C56CFE200F1EFB4 /* Products */;
			projectDirPath = "";
			projectRoot = "";
			targets = (
				F12E32E41C56CFE200F1EFB4 /* MovieViewer1 */,
			);
		};
/* End PBXProject section */

/* Begin PBXResourcesBuildPhase section */
		F12E32E31C56CFE200F1EFB4 /* Resources */ = {
			isa = PBXResourcesBuildPhase;
			buildActionMask = 2147483647;
			files = (
				F12E32F31C56CFE200F1EFB4 /* LaunchScreen.storyboard in Resources */,
				F12E32F01C56CFE200F1EFB4 /* Assets.xcassets in Resources */,
				F12E32EE1C56CFE200F1EFB4 /* Main.storyboard in Resources */,
			);
			runOnlyForDeploymentPostprocessing = 0;
		};
/* End PBXResourcesBuildPhase section */

/* Begin PBXSourcesBuildPhase section */
		F12E32E11C56CFE200F1EFB4 /* Sources */ = {
			isa = PBXSourcesBuildPhase;
			buildActionMask = 2147483647;
			files = (
				F12E32EB1C56CFE200F1EFB4 /* ViewController.swift in Sources */,
				F12E32E91C56CFE200F1EFB4 /* AppDelegate.swift in Sources */,
			);
			runOnlyForDeploymentPostprocessing = 0;
		};
/* End PBXSourcesBuildPhase section */

/* Begin PBXVariantGroup section */
		F12E32EC1C56CFE200F1EFB4 /* Main.storyboard */ = {
			isa = PBXVariantGroup;
			children = (
				F12E32ED1C56CFE200F1EFB4 /* Base */,
			);
			name = Main.storyboard;
			sourceTree = "<group>";
		};
		F12E32F11C56CFE200F1EFB4 /* LaunchScreen.storyboard */ = {
			isa = PBXVariantGroup;
			children = (
				F12E32F21C56CFE200F1EFB4 /* Base */,
			);
			name = LaunchScreen.storyboard;
			sourceTree = "<group>";
		};
/* End PBXVariantGroup section */

/* Begin XCBuildConfiguration section */
		F12E32F51C56CFE200F1EFB4 /* Debug */ = {
			isa = XCBuildConfiguration;
			buildSettings = {
				ALWAYS_SEARCH_USER_PATHS = NO;
				CLANG_CXX_LANGUAGE_STANDARD = "gnu++0x";
				CLANG_CXX_LIBRARY = "libc++";
				CLANG_ENABLE_MODULES = YES;
				CLANG_ENABLE_OBJC_ARC = YES;
				CLANG_WARN_BOOL_CONVERSION = YES;
				CLANG_WARN_CONSTANT_CONVERSION = YES;
				CLANG_WARN_DIRECT_OBJC_ISA_USAGE = YES_ERROR;
				CLANG_WARN_EMPTY_BODY = YES;
				CLANG_WARN_ENUM_CONVERSION = YES;
				CLANG_WARN_INT_CONVERSION = YES;
				CLANG_WARN_OBJC_ROOT_CLASS = YES_ERROR;
				CLANG_WARN_UNREACHABLE_CODE = YES;
				CLANG_WARN__DUPLICATE_METHOD_MATCH = YES;
				"CODE_SIGN_IDENTITY[sdk=iphoneos*]" = "iPhone Developer";
				COPY_PHASE_STRIP = NO;
				DEBUG_INFORMATION_FORMAT = dwarf;
				ENABLE_STRICT_OBJC_MSGSEND = YES;
				ENABLE_TESTABILITY = YES;
				GCC_C_LANGUAGE_STANDARD = gnu99;
				GCC_DYNAMIC_NO_PIC = NO;
				GCC_NO_COMMON_BLOCKS = YES;
				GCC_OPTIMIZATION_LEVEL = 0;
				GCC_PREPROCESSOR_DEFINITIONS = (
					"DEBUG=1",
					"$(inherited)",
				);
				GCC_WARN_64_TO_32_BIT_CONVERSION = YES;
				GCC_WARN_ABOUT_RETURN_TYPE = YES_ERROR;
				GCC_WARN_UNDECLARED_SELECTOR = YES;
				GCC_WARN_UNINITIALIZED_AUTOS = YES_AGGRESSIVE;
				GCC_WARN_UNUSED_FUNCTION = YES;
				GCC_WARN_UNUSED_VARIABLE = YES;
				IPHONEOS_DEPLOYMENT_TARGET = 9.2;
				MTL_ENABLE_DEBUG_INFO = YES;
				ONLY_ACTIVE_ARCH = YES;
				SDKROOT = iphoneos;
				SWIFT_OPTIMIZATION_LEVEL = "-Onone";
			};
			name = Debug;
		};
		F12E32F61C56CFE200F1EFB4 /* Release */ = {
			isa = XCBuildConfiguration;
			buildSettings = {
				ALWAYS_SEARCH_USER_PATHS = NO;
				CLANG_CXX_LANGUAGE_STANDARD = "gnu++0x";
				CLANG_CXX_LIBRARY = "libc++";
				CLANG_ENABLE_MODULES = YES;
				CLANG_ENABLE_OBJC_ARC = YES;
				CLANG_WARN_BOOL_CONVERSION = YES;
				CLANG_WARN_CONSTANT_CONVERSION = YES;
				CLANG_WARN_DIRECT_OBJC_ISA_USAGE = YES_ERROR;
				CLANG_WARN_EMPTY_BODY = YES;
				CLANG_WARN_ENUM_CONVERSION = YES;
				CLANG_WARN_INT_CONVERSION = YES;
				CLANG_WARN_OBJC_ROOT_CLASS = YES_ERROR;
				CLANG_WARN_UNREACHABLE_CODE = YES;
				CLANG_WARN__DUPLICATE_METHOD_MATCH = YES;
				"CODE_SIGN_IDENTITY[sdk=iphoneos*]" = "iPhone Developer";
				COPY_PHASE_STRIP = NO;
				DEBUG_INFORMATION_FORMAT = "dwarf-with-dsym";
				ENABLE_NS_ASSERTIONS = NO;
				ENABLE_STRICT_OBJC_MSGSEND = YES;
				GCC_C_LANGUAGE_STANDARD = gnu99;
				GCC_NO_COMMON_BLOCKS = YES;
				GCC_WARN_64_TO_32_BIT_CONVERSION = YES;
				GCC_WARN_ABOUT_RETURN_TYPE = YES_ERROR;
				GCC_WARN_UNDECLARED_SELECTOR = YES;
				GCC_WARN_UNINITIALIZED_AUTOS = YES_AGGRESSIVE;
				GCC_WARN_UNUSED_FUNCTION = YES;
				GCC_WARN_UNUSED_VARIABLE = YES;
				IPHONEOS_DEPLOYMENT_TARGET = 9.2;
				MTL_ENABLE_DEBUG_INFO = NO;
				SDKROOT = iphoneos;
				VALIDATE_PRODUCT = YES;
			};
			name = Release;
		};
		F12E32F81C56CFE200F1EFB4 /* Debug */ = {
			isa = XCBuildConfiguration;
			buildSettings = {
				ASSETCATALOG_COMPILER_APPICON_NAME = AppIcon;
				INFOPLIST_FILE = MovieViewer1/Info.plist;
				LD_RUNPATH_SEARCH_PATHS = "$(inherited) @executable_path/Frameworks";
				PRODUCT_BUNDLE_IDENTIFIER = Part1.MovieViewer1;
				PRODUCT_NAME = "$(TARGET_NAME)";
			};
			name = Debug;
		};
		F12E32F91C56CFE200F1EFB4 /* Release */ = {
			isa = XCBuildConfiguration;
			buildSettings = {
				ASSETCATALOG_COMPILER_APPICON_NAME = AppIcon;
				INFOPLIST_FILE = MovieViewer1/Info.plist;
				LD_RUNPATH_SEARCH_PATHS = "$(inherited) @executable_path/Frameworks";
				PRODUCT_BUNDLE_IDENTIFIER = Part1.MovieViewer1;
				PRODUCT_NAME = "$(TARGET_NAME)";
			};
			name = Release;
		};
/* End XCBuildConfiguration section */

/* Begin XCConfigurationList section */
		F12E32E01C56CFE200F1EFB4 /* Build configuration list for PBXProject "MovieViewer1" */ = {
			isa = XCConfigurationList;
			buildConfigurations = (
				F12E32F51C56CFE200F1EFB4 /* Debug */,
				F12E32F61C56CFE200F1EFB4 /* Release */,
			);
			defaultConfigurationIsVisible = 0;
			defaultConfigurationName = Release;
		};
		F12E32F71C56CFE200F1EFB4 /* Build configuration list for PBXNativeTarget "MovieViewer1" */ = {
			isa = XCConfigurationList;
			buildConfigurations = (
				F12E32F81C56CFE200F1EFB4 /* Debug */,
				F12E32F91C56CFE200F1EFB4 /* Release */,
			);
			defaultConfigurationIsVisible = 0;
		};
/* End XCConfigurationList section */
	};
	rootObject = F12E32DD1C56CFE200F1EFB4 /* Project object */;
}
